
Microsoft Visual Studio Solution File, Format Version 12.00
# Visual Studio Version 17
VisualStudioVersion = 17.3.32901.215
MinimumVisualStudioVersion = 10.0.40219.1
Project("{FAE04EC0-301F-11D3-BF4B-00C04F79EFBC}") = "07_base_interfaces", "07_base_interfaces\07_base_interfaces.csproj", "{38D593EA-4793-4BC7-A524-8E66972B96B2}"
EndProject
Global
	GlobalSection(SolutionConfigurationPlatforms) = preSolution
		Debug|Any CPU = Debug|Any CPU
		Release|Any CPU = Release|Any CPU
	EndGlobalSection
	GlobalSection(ProjectConfigurationPlatforms) = postSolution
		{38D593EA-4793-4BC7-A524-8E66972B96B2}.Debug|Any CPU.ActiveCfg = Debug|Any CPU
		{38D593EA-4793-4BC7-A524-8E66972B96B2}.Debug|Any CPU.Build.0 = Debug|Any CPU
		{38D593EA-4793-4BC7-A524-8E66972B96B2}.Release|Any CPU.ActiveCfg = Release|Any CPU
		{38D593EA-4793-4BC7-A524-8E66972B96B2}.Release|Any CPU.Build.0 = Release|Any CPU
	EndGlobalSection
	GlobalSection(SolutionProperties) = preSolution
		HideSolutionNode = FALSE
	EndGlobalSection
	GlobalSection(ExtensibilityGlobals) = postSolution
		SolutionGuid = {1B8307AE-6A30-4459-82C6-03CD1BBE428F}
	EndGlobalSection
EndGlobal
